
Microsoft Visual Studio Solution File, Format Version 12.00
# Visual Studio 16
Project("{FAE04EC0-301F-11D3-BF4B-00C04F79EFBC}") = "Assembly-CSharp", "Assembly-CSharp.csproj", "{8CECE617-1AF2-965B-97AD-05367FD4672A}"
EndProject
Project("{FAE04EC0-301F-11D3-BF4B-00C04F79EFBC}") = "Assembly-CSharp-Editor", "Assembly-CSharp-Editor.csproj", "{AA35C76A-34A9-DE35-D9E4-D335B68151F4}"
EndProject
Global
	GlobalSection(SolutionConfigurationPlatforms) = preSolution
		Debug|Any CPU = Debug|Any CPU
		Release|Any CPU = Release|Any CPU
	EndGlobalSection
	GlobalSection(ProjectConfigurationPlatforms) = postSolution
		{8CECE617-1AF2-965B-97AD-05367FD4672A}.Debug|Any CPU.ActiveCfg = Debug|Any CPU
		{8CECE617-1AF2-965B-97AD-05367FD4672A}.Debug|Any CPU.Build.0 = Debug|Any CPU
		{8CECE617-1AF2-965B-97AD-05367FD4672A}.Release|Any CPU.ActiveCfg = Release|Any CPU
		{8CECE617-1AF2-965B-97AD-05367FD4672A}.Release|Any CPU.Build.0 = Release|Any CPU
		{AA35C76A-34A9-DE35-D9E4-D335B68151F4}.Debug|Any CPU.ActiveCfg = Debug|Any CPU
		{AA35C76A-34A9-DE35-D9E4-D335B68151F4}.Debug|Any CPU.Build.0 = Debug|Any CPU
		{AA35C76A-34A9-DE35-D9E4-D335B68151F4}.Release|Any CPU.ActiveCfg = Release|Any CPU
		{AA35C76A-34A9-DE35-D9E4-D335B68151F4}.Release|Any CPU.Build.0 = Release|Any CPU
	EndGlobalSection
	GlobalSection(SolutionProperties) = preSolution
		HideSolutionNode = FALSE
	EndGlobalSection
EndGlobal
